
Microsoft Visual Studio Solution File, Format Version 12.00
# Visual Studio Version 17
VisualStudioVersion = 17.3.32929.385
MinimumVisualStudioVersion = 10.0.40219.1
Project("{FAE04EC0-301F-11D3-BF4B-00C04F79EFBC}") = "Datalagring-1.0", "Datalagring-1.0.csproj", "{C5A0482F-C942-4F4A-B596-B2D5CB75B11B}"
EndProject
Global
	GlobalSection(SolutionConfigurationPlatforms) = preSolution
		Debug|Any CPU = Debug|Any CPU
		Release|Any CPU = Release|Any CPU
	EndGlobalSection
	GlobalSection(ProjectConfigurationPlatforms) = postSolution
		{C5A0482F-C942-4F4A-B596-B2D5CB75B11B}.Debug|Any CPU.ActiveCfg = Debug|Any CPU
		{C5A0482F-C942-4F4A-B596-B2D5CB75B11B}.Debug|Any CPU.Build.0 = Debug|Any CPU
		{C5A0482F-C942-4F4A-B596-B2D5CB75B11B}.Release|Any CPU.ActiveCfg = Release|Any CPU
		{C5A0482F-C942-4F4A-B596-B2D5CB75B11B}.Release|Any CPU.Build.0 = Release|Any CPU
	EndGlobalSection
	GlobalSection(SolutionProperties) = preSolution
		HideSolutionNode = FALSE
	EndGlobalSection
	GlobalSection(ExtensibilityGlobals) = postSolution
		SolutionGuid = {F075E848-9069-4982-8F41-4D9D26DA31EE}
	EndGlobalSection
EndGlobal
